
Microsoft Visual Studio Solution File, Format Version 12.00
# Visual Studio Version 16
VisualStudioVersion = 16.0.30523.141
MinimumVisualStudioVersion = 10.0.40219.1
Project("{FAE04EC0-301F-11D3-BF4B-00C04F79EFBC}") = "CarDelegateMethodGroupConversion", "CarDelegateMethodGroupConversion\CarDelegateMethodGroupConversion.csproj", "{BC2D0AD2-F8B7-4D2D-94EC-2CE35D88FB2F}"
EndProject
Global
	GlobalSection(SolutionConfigurationPlatforms) = preSolution
		Debug|Any CPU = Debug|Any CPU
		Release|Any CPU = Release|Any CPU
	EndGlobalSection
	GlobalSection(ProjectConfigurationPlatforms) = postSolution
		{BC2D0AD2-F8B7-4D2D-94EC-2CE35D88FB2F}.Debug|Any CPU.ActiveCfg = Debug|Any CPU
		{BC2D0AD2-F8B7-4D2D-94EC-2CE35D88FB2F}.Debug|Any CPU.Build.0 = Debug|Any CPU
		{BC2D0AD2-F8B7-4D2D-94EC-2CE35D88FB2F}.Release|Any CPU.ActiveCfg = Release|Any CPU
		{BC2D0AD2-F8B7-4D2D-94EC-2CE35D88FB2F}.Release|Any CPU.Build.0 = Release|Any CPU
	EndGlobalSection
	GlobalSection(SolutionProperties) = preSolution
		HideSolutionNode = FALSE
	EndGlobalSection
	GlobalSection(ExtensibilityGlobals) = postSolution
		SolutionGuid = {0775C436-0F0D-41D7-9714-EC8F88E60FBF}
	EndGlobalSection
EndGlobal
